
Microsoft Visual Studio Solution File, Format Version 12.00
# Visual Studio Version 16
VisualStudioVersion = 16.0.28803.452
MinimumVisualStudioVersion = 10.0.40219.1
Project("{FAE04EC0-301F-11D3-BF4B-00C04F79EFBC}") = "flespi_test", "flespi_test\flespi_test.csproj", "{2945FC9A-1120-4A5E-9EB3-E08DC41D67F0}"
EndProject
Global
	GlobalSection(SolutionConfigurationPlatforms) = preSolution
		Debug|Any CPU = Debug|Any CPU
		Release|Any CPU = Release|Any CPU
	EndGlobalSection
	GlobalSection(ProjectConfigurationPlatforms) = postSolution
		{2945FC9A-1120-4A5E-9EB3-E08DC41D67F0}.Debug|Any CPU.ActiveCfg = Debug|Any CPU
		{2945FC9A-1120-4A5E-9EB3-E08DC41D67F0}.Debug|Any CPU.Build.0 = Debug|Any CPU
		{2945FC9A-1120-4A5E-9EB3-E08DC41D67F0}.Release|Any CPU.ActiveCfg = Release|Any CPU
		{2945FC9A-1120-4A5E-9EB3-E08DC41D67F0}.Release|Any CPU.Build.0 = Release|Any CPU
	EndGlobalSection
	GlobalSection(SolutionProperties) = preSolution
		HideSolutionNode = FALSE
	EndGlobalSection
	GlobalSection(ExtensibilityGlobals) = postSolution
		SolutionGuid = {BC13499A-1D4C-48E5-9E20-8B1AFCB0A7D2}
	EndGlobalSection
EndGlobal
